
Microsoft Visual Studio Solution File, Format Version 12.00
# Visual Studio 15
VisualStudioVersion = 15.0.27130.2027
MinimumVisualStudioVersion = 10.0.40219.1
Project("{FAE04EC0-301F-11D3-BF4B-00C04F79EFBC}") = "Grid.Manager", "Grid.Manager\Grid.Manager.csproj", "{EFA21D1C-0A03-43E8-84BC-5912BDCA8417}"
EndProject
Project("{FAE04EC0-301F-11D3-BF4B-00C04F79EFBC}") = "Grid.Worker", "Grid.Worker\Grid.Worker.csproj", "{111FED0E-5CDE-458F-B5DC-FD7F1A4B14E2}"
EndProject
Global
	GlobalSection(SolutionConfigurationPlatforms) = preSolution
		Debug|Any CPU = Debug|Any CPU
		Release|Any CPU = Release|Any CPU
	EndGlobalSection
	GlobalSection(ProjectConfigurationPlatforms) = postSolution
		{EFA21D1C-0A03-43E8-84BC-5912BDCA8417}.Debug|Any CPU.ActiveCfg = Debug|Any CPU
		{EFA21D1C-0A03-43E8-84BC-5912BDCA8417}.Debug|Any CPU.Build.0 = Debug|Any CPU
		{EFA21D1C-0A03-43E8-84BC-5912BDCA8417}.Release|Any CPU.ActiveCfg = Release|Any CPU
		{EFA21D1C-0A03-43E8-84BC-5912BDCA8417}.Release|Any CPU.Build.0 = Release|Any CPU
		{111FED0E-5CDE-458F-B5DC-FD7F1A4B14E2}.Debug|Any CPU.ActiveCfg = Debug|Any CPU
		{111FED0E-5CDE-458F-B5DC-FD7F1A4B14E2}.Debug|Any CPU.Build.0 = Debug|Any CPU
		{111FED0E-5CDE-458F-B5DC-FD7F1A4B14E2}.Release|Any CPU.ActiveCfg = Release|Any CPU
		{111FED0E-5CDE-458F-B5DC-FD7F1A4B14E2}.Release|Any CPU.Build.0 = Release|Any CPU
	EndGlobalSection
	GlobalSection(SolutionProperties) = preSolution
		HideSolutionNode = FALSE
	EndGlobalSection
	GlobalSection(ExtensibilityGlobals) = postSolution
		SolutionGuid = {7E743859-9509-40D3-8935-E177EA96D01E}
	EndGlobalSection
EndGlobal
